// !$*UTF8*$!
{
	archiveVersion = 1;
	classes = {
	};
	objectVersion = 46;
	objects = {

/* Begin PBXBuildFile section */
		1B408FB01D30150300998EC3 /* main.m in Sources */ = {isa = PBXBuildFile; fileRef = 1B408FAF1D30150300998EC3 /* main.m */; };
		1B408FB31D30150300998EC3 /* AppDelegate.m in Sources */ = {isa = PBXBuildFile; fileRef = 1B408FB21D30150300998EC3 /* AppDelegate.m */; };
		1B408FB61D30150300998EC3 /* ViewController.m in Sources */ = {isa = PBXBuildFile; fileRef = 1B408FB51D30150300998EC3 /* ViewController.m */; };
		1B408FB91D30150300998EC3 /* Main.storyboard in Resources */ = {isa = PBXBuildFile; fileRef = 1B408FB71D30150300998EC3 /* Main.storyboard */; };
		1B408FBB1D30150300998EC3 /* Assets.xcassets in Resources */ = {isa = PBXBuildFile; fileRef = 1B408FBA1D30150300998EC3 /* Assets.xcassets */; };
		1B408FBE1D30150300998EC3 /* LaunchScreen.storyboard in Resources */ = {isa = PBXBuildFile; fileRef = 1B408FBC1D30150300998EC3 /* LaunchScreen.storyboard */; };
		1B408FC91D30150300998EC3 /* SimonSaysTests.m in Sources */ = {isa = PBXBuildFile; fileRef = 1B408FC81D30150300998EC3 /* SimonSaysTests.m */; };
		1B408FD41D30150300998EC3 /* SimonSaysUITests.m in Sources */ = {isa = PBXBuildFile; fileRef = 1B408FD31D30150300998EC3 /* SimonSaysUITests.m */; };
/* End PBXBuildFile section */

/* Begin PBXContainerItemProxy section */
		1B408FC51D30150300998EC3 /* PBXContainerItemProxy */ = {
			isa = PBXContainerItemProxy;
			containerPortal = 1B408FA31D30150300998EC3 /* Project object */;
			proxyType = 1;
			remoteGlobalIDString = 1B408FAA1D30150300998EC3;
			remoteInfo = SimonSays;
		};
		1B408FD01D30150300998EC3 /* PBXContainerItemProxy */ = {
			isa = PBXContainerItemProxy;
			containerPortal = 1B408FA31D30150300998EC3 /* Project object */;
			proxyType = 1;
			remoteGlobalIDString = 1B408FAA1D30150300998EC3;
			remoteInfo = SimonSays;
		};
/* End PBXContainerItemProxy section */

/* Begin PBXFileReference section */
		1B408FAB1D30150300998EC3 /* SimonSays.app */ = {isa = PBXFileReference; explicitFileType = wrapper.application; includeInIndex = 0; path = SimonSays.app; sourceTree = BUILT_PRODUCTS_DIR; };
		1B408FAF1D30150300998EC3 /* main.m */ = {isa = PBXFileReference; lastKnownFileType = sourcecode.c.objc; path = main.m; sourceTree = "<group>"; };
		1B408FB11D30150300998EC3 /* AppDelegate.h */ = {isa = PBXFileReference; lastKnownFileType = sourcecode.c.h; path = AppDelegate.h; sourceTree = "<group>"; };
		1B408FB21D30150300998EC3 /* AppDelegate.m */ = {isa = PBXFileReference; lastKnownFileType = sourcecode.c.objc; path = AppDelegate.m; sourceTree = "<group>"; };
		1B408FB41D30150300998EC3 /* ViewController.h */ = {isa = PBXFileReference; lastKnownFileType = sourcecode.c.h; path = ViewController.h; sourceTree = "<group>"; };
		1B408FB51D30150300998EC3 /* ViewController.m */ = {isa = PBXFileReference; lastKnownFileType = sourcecode.c.objc; path = ViewController.m; sourceTree = "<group>"; };
		1B408FB81D30150300998EC3 /* Base */ = {isa = PBXFileReference; lastKnownFileType = file.storyboard; name = Base; path = Base.lproj/Main.storyboard; sourceTree = "<group>"; };
		1B408FBA1D30150300998EC3 /* Assets.xcassets */ = {isa = PBXFileReference; lastKnownFileType = folder.assetcatalog; path = Assets.xcassets; sourceTree = "<group>"; };
		1B408FBD1D30150300998EC3 /* Base */ = {isa = PBXFileReference; lastKnownFileType = file.storyboard; name = Base; path = Base.lproj/LaunchScreen.storyboard; sourceTree = "<group>"; };
		1B408FBF1D30150300998EC3 /* Info.plist */ = {isa = PBXFileReference; lastKnownFileType = text.plist.xml; path = Info.plist; sourceTree = "<group>"; };
		1B408FC41D30150300998EC3 /* SimonSaysTests.xctest */ = {isa = PBXFileReference; explicitFileType = wrapper.cfbundle; includeInIndex = 0; path = SimonSaysTests.xctest; sourceTree = BUILT_PRODUCTS_DIR; };
		1B408FC81D30150300998EC3 /* SimonSaysTests.m */ = {isa = PBXFileReference; lastKnownFileType = sourcecode.c.objc; path = SimonSaysTests.m; sourceTree = "<group>"; };
		1B408FCA1D30150300998EC3 /* Info.plist */ = {isa = PBXFileReference; lastKnownFileType = text.plist.xml; path = Info.plist; sourceTree = "<group>"; };
		1B408FCF1D30150300998EC3 /* SimonSaysUITests.xctest */ = {isa = PBXFileReference; explicitFileType = wrapper.cfbundle; includeInIndex = 0; path = SimonSaysUITests.xctest; sourceTree = BUILT_PRODUCTS_DIR; };
		1B408FD31D30150300998EC3 /* SimonSaysUITests.m */ = {isa = PBXFileReference; lastKnownFileType = sourcecode.c.objc; path = SimonSaysUITests.m; sourceTree = "<group>"; };
		1B408FD51D30150400998EC3 /* Info.plist */ = {isa = PBXFileReference; lastKnownFileType = text.plist.xml; path = Info.plist; sourceTree = "<group>"; };
/* End PBXFileReference section */

/* Begin PBXFrameworksBuildPhase section */
		1B408FA81D30150300998EC3 /* Frameworks */ = {
			isa = PBXFrameworksBuildPhase;
			buildActionMask = 2147483647;
			files = (
			);
			runOnlyForDeploymentPostprocessing = 0;
		};
		1B408FC11D30150300998EC3 /* Frameworks */ = {
			isa = PBXFrameworksBuildPhase;
			buildActionMask = 2147483647;
			files = (
			);
			runOnlyForDeploymentPostprocessing = 0;
		};
		1B408FCC1D30150300998EC3 /* Frameworks */ = {
			isa = PBXFrameworksBuildPhase;
			buildActionMask = 2147483647;
			files = (
			);
			runOnlyForDeploymentPostprocessing = 0;
		};
/* End PBXFrameworksBuildPhase section */

/* Begin PBXGroup section */
		1B408FA21D30150300998EC3 = {
			isa = PBXGroup;
			children = (
				1B408FAD1D30150300998EC3 /* SimonSays */,
				1B408FC71D30150300998EC3 /* SimonSaysTests */,
				1B408FD21D30150300998EC3 /* SimonSaysUITests */,
				1B408FAC1D30150300998EC3 /* Products */,
			);
			sourceTree = "<group>";
		};
		1B408FAC1D30150300998EC3 /* Products */ = {
			isa = PBXGroup;
			children = (
				1B408FAB1D30150300998EC3 /* SimonSays.app */,
				1B408FC41D30150300998EC3 /* SimonSaysTests.xctest */,
				1B408FCF1D30150300998EC3 /* SimonSaysUITests.xctest */,
			);
			name = Products;
			sourceTree = "<group>";
		};
		1B408FAD1D30150300998EC3 /* SimonSays */ = {
			isa = PBXGroup;
			children = (
				1B408FB11D30150300998EC3 /* AppDelegate.h */,
				1B408FB21D30150300998EC3 /* AppDelegate.m */,
				1B408FB41D30150300998EC3 /* ViewController.h */,
				1B408FB51D30150300998EC3 /* ViewController.m */,
				1B408FB71D30150300998EC3 /* Main.storyboard */,
				1B408FBA1D30150300998EC3 /* Assets.xcassets */,
				1B408FBC1D30150300998EC3 /* LaunchScreen.storyboard */,
				1B408FBF1D30150300998EC3 /* Info.plist */,
				1B408FAE1D30150300998EC3 /* Supporting Files */,
			);
			path = SimonSays;
			sourceTree = "<group>";
		};
		1B408FAE1D30150300998EC3 /* Supporting Files */ = {
			isa = PBXGroup;
			children = (
				1B408FAF1D30150300998EC3 /* main.m */,
			);
			name = "Supporting Files";
			sourceTree = "<group>";
		};
		1B408FC71D30150300998EC3 /* SimonSaysTests */ = {
			isa = PBXGroup;
			children = (
				1B408FC81D30150300998EC3 /* SimonSaysTests.m */,
				1B408FCA1D30150300998EC3 /* Info.plist */,
			);
			path = SimonSaysTests;
			sourceTree = "<group>";
		};
		1B408FD21D30150300998EC3 /* SimonSaysUITests */ = {
			isa = PBXGroup;
			children = (
				1B408FD31D30150300998EC3 /* SimonSaysUITests.m */,
				1B408FD51D30150400998EC3 /* Info.plist */,
			);
			path = SimonSaysUITests;
			sourceTree = "<group>";
		};
/* End PBXGroup section */

/* Begin PBXNativeTarget section */
		1B408FAA1D30150300998EC3 /* SimonSays */ = {
			isa = PBXNativeTarget;
			buildConfigurationList = 1B408FD81D30150400998EC3 /* Build configuration list for PBXNativeTarget "SimonSays" */;
			buildPhases = (
				1B408FA71D30150300998EC3 /* Sources */,
				1B408FA81D30150300998EC3 /* Frameworks */,
				1B408FA91D30150300998EC3 /* Resources */,
			);
			buildRules = (
			);
			dependencies = (
			);
			name = SimonSays;
			productName = SimonSays;
			productReference = 1B408FAB1D30150300998EC3 /* SimonSays.app */;
			productType = "com.apple.product-type.application";
		};
		1B408FC31D30150300998EC3 /* SimonSaysTests */ = {
			isa = PBXNativeTarget;
			buildConfigurationList = 1B408FDB1D30150400998EC3 /* Build configuration list for PBXNativeTarget "SimonSaysTests" */;
			buildPhases = (
				1B408FC01D30150300998EC3 /* Sources */,
				1B408FC11D30150300998EC3 /* Frameworks */,
				1B408FC21D30150300998EC3 /* Resources */,
			);
			buildRules = (
			);
			dependencies = (
				1B408FC61D30150300998EC3 /* PBXTargetDependency */,
			);
			name = SimonSaysTests;
			productName = SimonSaysTests;
			productReference = 1B408FC41D30150300998EC3 /* SimonSaysTests.xctest */;
			productType = "com.apple.product-type.bundle.unit-test";
		};
		1B408FCE1D30150300998EC3 /* SimonSaysUITests */ = {
			isa = PBXNativeTarget;
			buildConfigurationList = 1B408FDE1D30150400998EC3 /* Build configuration list for PBXNativeTarget "SimonSaysUITests" */;
			buildPhases = (
				1B408FCB1D30150300998EC3 /* Sources */,
				1B408FCC1D30150300998EC3 /* Frameworks */,
				1B408FCD1D30150300998EC3 /* Resources */,
			);
			buildRules = (
			);
			dependencies = (
				1B408FD11D30150300998EC3 /* PBXTargetDependency */,
			);
			name = SimonSaysUITests;
			productName = SimonSaysUITests;
			productReference = 1B408FCF1D30150300998EC3 /* SimonSaysUITests.xctest */;
			productType = "com.apple.product-type.bundle.ui-testing";
		};
/* End PBXNativeTarget section */

/* Begin PBXProject section */
		1B408FA31D30150300998EC3 /* Project object */ = {
			isa = PBXProject;
			attributes = {
				LastUpgradeCheck = 0730;
				ORGANIZATIONNAME = "Flatiron School";
				TargetAttributes = {
					1B408FAA1D30150300998EC3 = {
						CreatedOnToolsVersion = 7.3.1;
					};
					1B408FC31D30150300998EC3 = {
						CreatedOnToolsVersion = 7.3.1;
						TestTargetID = 1B408FAA1D30150300998EC3;
					};
					1B408FCE1D30150300998EC3 = {
						CreatedOnToolsVersion = 7.3.1;
						TestTargetID = 1B408FAA1D30150300998EC3;
					};
				};
			};
			buildConfigurationList = 1B408FA61D30150300998EC3 /* Build configuration list for PBXProject "SimonSays" */;
			compatibilityVersion = "Xcode 3.2";
			developmentRegion = English;
			hasScannedForEncodings = 0;
			knownRegions = (
				en,
				Base,
			);
			mainGroup = 1B408FA21D30150300998EC3;
			productRefGroup = 1B408FAC1D30150300998EC3 /* Products */;
			projectDirPath = "";
			projectRoot = "";
			targets = (
				1B408FAA1D30150300998EC3 /* SimonSays */,
				1B408FC31D30150300998EC3 /* SimonSaysTests */,
				1B408FCE1D30150300998EC3 /* SimonSaysUITests */,
			);
		};
/* End PBXProject section */

/* Begin PBXResourcesBuildPhase section */
		1B408FA91D30150300998EC3 /* Resources */ = {
			isa = PBXResourcesBuildPhase;
			buildActionMask = 2147483647;
			files = (
				1B408FBE1D30150300998EC3 /* LaunchScreen.storyboard in Resources */,
				1B408FBB1D30150300998EC3 /* Assets.xcassets in Resources */,
				1B408FB91D30150300998EC3 /* Main.storyboard in Resources */,
			);
			runOnlyForDeploymentPostprocessing = 0;
		};
		1B408FC21D30150300998EC3 /* Resources */ = {
			isa = PBXResourcesBuildPhase;
			buildActionMask = 2147483647;
			files = (
			);
			runOnlyForDeploymentPostprocessing = 0;
		};
		1B408FCD1D30150300998EC3 /* Resources */ = {
			isa = PBXResourcesBuildPhase;
			buildActionMask = 2147483647;
			files = (
			);
			runOnlyForDeploymentPostprocessing = 0;
		};
/* End PBXResourcesBuildPhase section */

/* Begin PBXSourcesBuildPhase section */
		1B408FA71D30150300998EC3 /* Sources */ = {
			isa = PBXSourcesBuildPhase;
			buildActionMask = 2147483647;
			files = (
				1B408FB61D30150300998EC3 /* ViewController.m in Sources */,
				1B408FB31D30150300998EC3 /* AppDelegate.m in Sources */,
				1B408FB01D30150300998EC3 /* main.m in Sources */,
			);
			runOnlyForDeploymentPostprocessing = 0;
		};
		1B408FC01D30150300998EC3 /* Sources */ = {
			isa = PBXSourcesBuildPhase;
			buildActionMask = 2147483647;
			files = (
				1B408FC91D30150300998EC3 /* SimonSaysTests.m in Sources */,
			);
			runOnlyForDeploymentPostprocessing = 0;
		};
		1B408FCB1D30150300998EC3 /* Sources */ = {
			isa = PBXSourcesBuildPhase;
			buildActionMask = 2147483647;
			files = (
				1B408FD41D30150300998EC3 /* SimonSaysUITests.m in Sources */,
			);
			runOnlyForDeploymentPostprocessing = 0;
		};
/* End PBXSourcesBuildPhase section */

/* Begin PBXTargetDependency section */
		1B408FC61D30150300998EC3 /* PBXTargetDependency */ = {
			isa = PBXTargetDependency;
			target = 1B408FAA1D30150300998EC3 /* SimonSays */;
			targetProxy = 1B408FC51D30150300998EC3 /* PBXContainerItemProxy */;
		};
		1B408FD11D30150300998EC3 /* PBXTargetDependency */ = {
			isa = PBXTargetDependency;
			target = 1B408FAA1D30150300998EC3 /* SimonSays */;
			targetProxy = 1B408FD01D30150300998EC3 /* PBXContainerItemProxy */;
		};
/* End PBXTargetDependency section */

/* Begin PBXVariantGroup section */
		1B408FB71D30150300998EC3 /* Main.storyboard */ = {
			isa = PBXVariantGroup;
			children = (
				1B408FB81D30150300998EC3 /* Base */,
			);
			name = Main.storyboard;
			sourceTree = "<group>";
		};
		1B408FBC1D30150300998EC3 /* LaunchScreen.storyboard */ = {
			isa = PBXVariantGroup;
			children = (
				1B408FBD1D30150300998EC3 /* Base */,
			);
			name = LaunchScreen.storyboard;
			sourceTree = "<group>";
		};
/* End PBXVariantGroup section */

/* Begin XCBuildConfiguration section */
		1B408FD61D30150400998EC3 /* Debug */ = {
			isa = XCBuildConfiguration;
			buildSettings = {
				ALWAYS_SEARCH_USER_PATHS = NO;
				CLANG_ANALYZER_NONNULL = YES;
				CLANG_CXX_LANGUAGE_STANDARD = "gnu++0x";
				CLANG_CXX_LIBRARY = "libc++";
				CLANG_ENABLE_MODULES = YES;
				CLANG_ENABLE_OBJC_ARC = YES;
				CLANG_WARN_BOOL_CONVERSION = YES;
				CLANG_WARN_CONSTANT_CONVERSION = YES;
				CLANG_WARN_DIRECT_OBJC_ISA_USAGE = YES_ERROR;
				CLANG_WARN_EMPTY_BODY = YES;
				CLANG_WARN_ENUM_CONVERSION = YES;
				CLANG_WARN_INT_CONVERSION = YES;
				CLANG_WARN_OBJC_ROOT_CLASS = YES_ERROR;
				CLANG_WARN_UNREACHABLE_CODE = YES;
				CLANG_WARN__DUPLICATE_METHOD_MATCH = YES;
				"CODE_SIGN_IDENTITY[sdk=iphoneos*]" = "iPhone Developer";
				COPY_PHASE_STRIP = NO;
				DEBUG_INFORMATION_FORMAT = dwarf;
				ENABLE_STRICT_OBJC_MSGSEND = YES;
				ENABLE_TESTABILITY = YES;
				GCC_C_LANGUAGE_STANDARD = gnu99;
				GCC_DYNAMIC_NO_PIC = NO;
				GCC_NO_COMMON_BLOCKS = YES;
				GCC_OPTIMIZATION_LEVEL = 0;
				GCC_PREPROCESSOR_DEFINITIONS = (
					"DEBUG=1",
					"$(inherited)",
				);
				GCC_WARN_64_TO_32_BIT_CONVERSION = YES;
				GCC_WARN_ABOUT_RETURN_TYPE = YES_ERROR;
				GCC_WARN_UNDECLARED_SELECTOR = YES;
				GCC_WARN_UNINITIALIZED_AUTOS = YES_AGGRESSIVE;
				GCC_WARN_UNUSED_FUNCTION = YES;
				GCC_WARN_UNUSED_VARIABLE = YES;
				IPHONEOS_DEPLOYMENT_TARGET = 9.3;
				MTL_ENABLE_DEBUG_INFO = YES;
				ONLY_ACTIVE_ARCH = YES;
				SDKROOT = iphoneos;
				TARGETED_DEVICE_FAMILY = "1,2";
			};
			name = Debug;
		};
		1B408FD71D30150400998EC3 /* Release */ = {
			isa = XCBuildConfiguration;
			buildSettings = {
				ALWAYS_SEARCH_USER_PATHS = NO;
				CLANG_ANALYZER_NONNULL = YES;
				CLANG_CXX_LANGUAGE_STANDARD = "gnu++0x";
				CLANG_CXX_LIBRARY = "libc++";
				CLANG_ENABLE_MODULES = YES;
				CLANG_ENABLE_OBJC_ARC = YES;
				CLANG_WARN_BOOL_CONVERSION = YES;
				CLANG_WARN_CONSTANT_CONVERSION = YES;
				CLANG_WARN_DIRECT_OBJC_ISA_USAGE = YES_ERROR;
				CLANG_WARN_EMPTY_BODY = YES;
				CLANG_WARN_ENUM_CONVERSION = YES;
				CLANG_WARN_INT_CONVERSION = YES;
				CLANG_WARN_OBJC_ROOT_CLASS = YES_ERROR;
				CLANG_WARN_UNREACHABLE_CODE = YES;
				CLANG_WARN__DUPLICATE_METHOD_MATCH = YES;
				"CODE_SIGN_IDENTITY[sdk=iphoneos*]" = "iPhone Developer";
				COPY_PHASE_STRIP = NO;
				DEBUG_INFORMATION_FORMAT = "dwarf-with-dsym";
				ENABLE_NS_ASSERTIONS = NO;
				ENABLE_STRICT_OBJC_MSGSEND = YES;
				GCC_C_LANGUAGE_STANDARD = gnu99;
				GCC_NO_COMMON_BLOCKS = YES;
				GCC_WARN_64_TO_32_BIT_CONVERSION = YES;
				GCC_WARN_ABOUT_RETURN_TYPE = YES_ERROR;
				GCC_WARN_UNDECLARED_SELECTOR = YES;
				GCC_WARN_UNINITIALIZED_AUTOS = YES_AGGRESSIVE;
				GCC_WARN_UNUSED_FUNCTION = YES;
				GCC_WARN_UNUSED_VARIABLE = YES;
				IPHONEOS_DEPLOYMENT_TARGET = 9.3;
				MTL_ENABLE_DEBUG_INFO = NO;
				SDKROOT = iphoneos;
				TARGETED_DEVICE_FAMILY = "1,2";
				VALIDATE_PRODUCT = YES;
			};
			name = Release;
		};
		1B408FD91D30150400998EC3 /* Debug */ = {
			isa = XCBuildConfiguration;
			buildSettings = {
				ASSETCATALOG_COMPILER_APPICON_NAME = AppIcon;
				INFOPLIST_FILE = SimonSays/Info.plist;
				LD_RUNPATH_SEARCH_PATHS = "$(inherited) @executable_path/Frameworks";
				PRODUCT_BUNDLE_IDENTIFIER = com.first.SimonSays;
				PRODUCT_NAME = "$(TARGET_NAME)";
			};
			name = Debug;
		};
		1B408FDA1D30150400998EC3 /* Release */ = {
			isa = XCBuildConfiguration;
			buildSettings = {
				ASSETCATALOG_COMPILER_APPICON_NAME = AppIcon;
				INFOPLIST_FILE = SimonSays/Info.plist;
				LD_RUNPATH_SEARCH_PATHS = "$(inherited) @executable_path/Frameworks";
				PRODUCT_BUNDLE_IDENTIFIER = com.first.SimonSays;
				PRODUCT_NAME = "$(TARGET_NAME)";
			};
			name = Release;
		};
		1B408FDC1D30150400998EC3 /* Debug */ = {
			isa = XCBuildConfiguration;
			buildSettings = {
				BUNDLE_LOADER = "$(TEST_HOST)";
				INFOPLIST_FILE = SimonSaysTests/Info.plist;
				LD_RUNPATH_SEARCH_PATHS = "$(inherited) @executable_path/Frameworks @loader_path/Frameworks";
				PRODUCT_BUNDLE_IDENTIFIER = com.first.SimonSaysTests;
				PRODUCT_NAME = "$(TARGET_NAME)";
				TEST_HOST = "$(BUILT_PRODUCTS_DIR)/SimonSays.app/SimonSays";
			};
			name = Debug;
		};
		1B408FDD1D30150400998EC3 /* Release */ = {
			isa = XCBuildConfiguration;
			buildSettings = {
				BUNDLE_LOADER = "$(TEST_HOST)";
				INFOPLIST_FILE = SimonSaysTests/Info.plist;
				LD_RUNPATH_SEARCH_PATHS = "$(inherited) @executable_path/Frameworks @loader_path/Frameworks";
				PRODUCT_BUNDLE_IDENTIFIER = com.first.SimonSaysTests;
				PRODUCT_NAME = "$(TARGET_NAME)";
				TEST_HOST = "$(BUILT_PRODUCTS_DIR)/SimonSays.app/SimonSays";
			};
			name = Release;
		};
		1B408FDF1D30150400998EC3 /* Debug */ = {
			isa = XCBuildConfiguration;
			buildSettings = {
				INFOPLIST_FILE = SimonSaysUITests/Info.plist;
				LD_RUNPATH_SEARCH_PATHS = "$(inherited) @executable_path/Frameworks @loader_path/Frameworks";
				PRODUCT_BUNDLE_IDENTIFIER = com.first.SimonSaysUITests;
				PRODUCT_NAME = "$(TARGET_NAME)";
				TEST_TARGET_NAME = SimonSays;
			};
			name = Debug;
		};
		1B408FE01D30150400998EC3 /* Release */ = {
			isa = XCBuildConfiguration;
			buildSettings = {
				INFOPLIST_FILE = SimonSaysUITests/Info.plist;
				LD_RUNPATH_SEARCH_PATHS = "$(inherited) @executable_path/Frameworks @loader_path/Frameworks";
				PRODUCT_BUNDLE_IDENTIFIER = com.first.SimonSaysUITests;
				PRODUCT_NAME = "$(TARGET_NAME)";
				TEST_TARGET_NAME = SimonSays;
			};
			name = Release;
		};
/* End XCBuildConfiguration section */

/* Begin XCConfigurationList section */
		1B408FA61D30150300998EC3 /* Build configuration list for PBXProject "SimonSays" */ = {
			isa = XCConfigurationList;
			buildConfigurations = (
				1B408FD61D30150400998EC3 /* Debug */,
				1B408FD71D30150400998EC3 /* Release */,
			);
			defaultConfigurationIsVisible = 0;
			defaultConfigurationName = Release;
		};
		1B408FD81D30150400998EC3 /* Build configuration list for PBXNativeTarget "SimonSays" */ = {
			isa = XCConfigurationList;
			buildConfigurations = (
				1B408FD91D30150400998EC3 /* Debug */,
				1B408FDA1D30150400998EC3 /* Release */,
			);
			defaultConfigurationIsVisible = 0;
		};
		1B408FDB1D30150400998EC3 /* Build configuration list for PBXNativeTarget "SimonSaysTests" */ = {
			isa = XCConfigurationList;
			buildConfigurations = (
				1B408FDC1D30150400998EC3 /* Debug */,
				1B408FDD1D30150400998EC3 /* Release */,
			);
			defaultConfigurationIsVisible = 0;
		};
		1B408FDE1D30150400998EC3 /* Build configuration list for PBXNativeTarget "SimonSaysUITests" */ = {
			isa = XCConfigurationList;
			buildConfigurations = (
				1B408FDF1D30150400998EC3 /* Debug */,
				1B408FE01D30150400998EC3 /* Release */,
			);
			defaultConfigurationIsVisible = 0;
		};
/* End XCConfigurationList section */
	};
	rootObject = 1B408FA31D30150300998EC3 /* Project object */;
}
